{
  "version": 4,
  "terraform_version": "1.14.0",
  "serial": 10,
  "lineage": "60112527-0650-d415-49b0-a24f3f0341e3",
  "outputs": {
    "repository_id": {
      "value": "konecta-erp",
      "type": "string"
    },
    "repository_location": {
      "value": "us-central1",
      "type": "string"
    },
    "repository_url": {
      "value": "us-central1-docker.pkg.dev/erp-system-478020/konecta-erp",
      "type": "string"
    }
  },
  "resources": [
    {
      "mode": "data",
      "type": "google_project",
      "name": "project",
      "provider": "provider[\"registry.terraform.io/hashicorp/google\"]",
      "instances": [
        {
          "schema_version": 0,
          "attributes": {
            "auto_create_network": null,
            "billing_account": null,
            "deletion_policy": "PREVENT",
            "effective_labels": {},
            "folder_id": null,
            "id": "projects/erp-system-478020",
            "labels": {},
            "name": "Konecta ERP system",
            "number": "782800605906",
            "org_id": null,
            "project_id": "erp-system-478020",
            "tags": null,
            "terraform_labels": {}
          },
          "sensitive_attributes": [],
          "identity_schema_version": 0
        }
      ]
    },
    {
      "mode": "managed",
      "type": "google_artifact_registry_repository",
      "name": "docker_repo",
      "provider": "provider[\"registry.terraform.io/hashicorp/google\"]",
      "instances": [
        {
          "schema_version": 0,
          "attributes": {
            "cleanup_policies": [
              {
                "action": "DELETE",
                "condition": [
                  {
                    "newer_than": "",
                    "older_than": "2592000s",
                    "package_name_prefixes": [],
                    "tag_prefixes": [],
                    "tag_state": "UNTAGGED",
                    "version_name_prefixes": []
                  }
                ],
                "id": "delete-untagged",
                "most_recent_versions": []
              },
              {
                "action": "KEEP",
                "condition": [],
                "id": "keep-minimum-versions",
                "most_recent_versions": [
                  {
                    "keep_count": 10,
                    "package_name_prefixes": []
                  }
                ]
              }
            ],
            "cleanup_policy_dry_run": false,
            "create_time": "2025-11-21T14:03:56.043296Z",
            "description": "Docker images for Konecta ERP",
            "docker_config": [],
            "effective_labels": {
              "application": "konecta-erp",
              "environment": "dev",
              "goog-terraform-provisioned": "true",
              "managed_by": "terraform"
            },
            "format": "DOCKER",
            "id": "projects/erp-system-478020/locations/us-central1/repositories/konecta-erp",
            "kms_key_name": "",
            "labels": {
              "application": "konecta-erp",
              "environment": "dev",
              "managed_by": "terraform"
            },
            "location": "us-central1",
            "maven_config": [],
            "mode": "STANDARD_REPOSITORY",
            "name": "konecta-erp",
            "project": "erp-system-478020",
            "registry_uri": "us-central1-docker.pkg.dev/erp-system-478020/konecta-erp",
            "remote_repository_config": [],
            "repository_id": "konecta-erp",
            "terraform_labels": {
              "application": "konecta-erp",
              "environment": "dev",
              "goog-terraform-provisioned": "true",
              "managed_by": "terraform"
            },
            "timeouts": null,
            "update_time": "2025-11-21T14:03:56.043296Z",
            "virtual_repository_config": [],
            "vulnerability_scanning_config": [
              {
                "enablement_config": "",
                "enablement_state": "SCANNING_DISABLED",
                "enablement_state_reason": "API containerscanning.googleapis.com is not enabled."
              }
            ]
          },
          "sensitive_attributes": [],
          "identity_schema_version": 0,
          "private": "eyJlMmJmYjczMC1lY2FhLTExZTYtOGY4OC0zNDM2M2JjN2M0YzAiOnsiY3JlYXRlIjoxMjAwMDAwMDAwMDAwLCJkZWxldGUiOjEyMDAwMDAwMDAwMDAsInVwZGF0ZSI6MTIwMDAwMDAwMDAwMH19"
        }
      ]
    },
    {
      "mode": "managed",
      "type": "google_artifact_registry_repository",
      "name": "docker_repo_scanning",
      "provider": "provider[\"registry.terraform.io/hashicorp/google\"]",
      "instances": [
        {
          "schema_version": 0,
          "attributes": {
            "cleanup_policies": [],
            "cleanup_policy_dry_run": false,
            "create_time": "2025-11-21T14:03:56.493024Z",
            "description": "Docker images for Konecta ERP (with vulnerability scanning)",
            "docker_config": [
              {
                "immutable_tags": false
              }
            ],
            "effective_labels": {
              "application": "konecta-erp",
              "environment": "dev",
              "goog-terraform-provisioned": "true",
              "managed_by": "terraform",
              "scanning": "enabled"
            },
            "format": "DOCKER",
            "id": "projects/erp-system-478020/locations/us-central1/repositories/konecta-erp-scan",
            "kms_key_name": "",
            "labels": {
              "application": "konecta-erp",
              "environment": "dev",
              "managed_by": "terraform",
              "scanning": "enabled"
            },
            "location": "us-central1",
            "maven_config": [],
            "mode": "STANDARD_REPOSITORY",
            "name": "konecta-erp-scan",
            "project": "erp-system-478020",
            "registry_uri": "us-central1-docker.pkg.dev/erp-system-478020/konecta-erp-scan",
            "remote_repository_config": [],
            "repository_id": "konecta-erp-scan",
            "terraform_labels": {
              "application": "konecta-erp",
              "environment": "dev",
              "goog-terraform-provisioned": "true",
              "managed_by": "terraform",
              "scanning": "enabled"
            },
            "timeouts": null,
            "update_time": "2025-11-21T14:08:06.839075Z",
            "virtual_repository_config": [],
            "vulnerability_scanning_config": [
              {
                "enablement_config": "",
                "enablement_state": "SCANNING_DISABLED",
                "enablement_state_reason": "API containerscanning.googleapis.com is not enabled."
              }
            ]
          },
          "sensitive_attributes": [],
          "identity_schema_version": 0,
          "private": "eyJlMmJmYjczMC1lY2FhLTExZTYtOGY4OC0zNDM2M2JjN2M0YzAiOnsiY3JlYXRlIjoxMjAwMDAwMDAwMDAwLCJkZWxldGUiOjEyMDAwMDAwMDAwMDAsInVwZGF0ZSI6MTIwMDAwMDAwMDAwMH19"
        }
      ]
    },
    {
      "mode": "managed",
      "type": "google_artifact_registry_repository_iam_member",
      "name": "cloudbuild_writer",
      "provider": "provider[\"registry.terraform.io/hashicorp/google\"]",
      "instances": [
        {
          "schema_version": 0,
          "attributes": {
            "condition": [],
            "etag": "BwZEG2qGuKs=",
            "id": "projects/erp-system-478020/locations/us-central1/repositories/konecta-erp/roles/artifactregistry.writer/serviceAccount:782800605906@cloudbuild.gserviceaccount.com",
            "location": "us-central1",
            "member": "serviceAccount:782800605906@cloudbuild.gserviceaccount.com",
            "project": "erp-system-478020",
            "repository": "projects/erp-system-478020/locations/us-central1/repositories/konecta-erp",
            "role": "roles/artifactregistry.writer"
          },
          "sensitive_attributes": [],
          "identity_schema_version": 0,
          "private": "bnVsbA==",
          "dependencies": [
            "data.google_project.project",
            "google_artifact_registry_repository.docker_repo"
          ]
        }
      ]
    }
  ],
  "check_results": null
}
